
Microsoft Visual Studio Solution File, Format Version 12.00
# Visual Studio 15
VisualStudioVersion = 15.0.26228.9
MinimumVisualStudioVersion = 10.0.40219.1
Project("{FAE04EC0-301F-11D3-BF4B-00C04F79EFBC}") = "Model", "Model\Model.csproj", "{20CD7481-40B7-4D6E-9AC2-6204F16D5ABB}"
EndProject
Project("{FAE04EC0-301F-11D3-BF4B-00C04F79EFBC}") = "StocktakerWebApi", "StocktakerWebApi\StocktakerWebApi.csproj", "{530A3D6D-47A0-4AE9-B36A-EAFAD5BFEDD7}"
EndProject
Global
	GlobalSection(SolutionConfigurationPlatforms) = preSolution
		Debug|Any CPU = Debug|Any CPU
		Release|Any CPU = Release|Any CPU
	EndGlobalSection
	GlobalSection(ProjectConfigurationPlatforms) = postSolution
		{20CD7481-40B7-4D6E-9AC2-6204F16D5ABB}.Debug|Any CPU.ActiveCfg = Debug|Any CPU
		{20CD7481-40B7-4D6E-9AC2-6204F16D5ABB}.Debug|Any CPU.Build.0 = Debug|Any CPU
		{20CD7481-40B7-4D6E-9AC2-6204F16D5ABB}.Release|Any CPU.ActiveCfg = Release|Any CPU
		{20CD7481-40B7-4D6E-9AC2-6204F16D5ABB}.Release|Any CPU.Build.0 = Release|Any CPU
		{530A3D6D-47A0-4AE9-B36A-EAFAD5BFEDD7}.Debug|Any CPU.ActiveCfg = Debug|Any CPU
		{530A3D6D-47A0-4AE9-B36A-EAFAD5BFEDD7}.Debug|Any CPU.Build.0 = Debug|Any CPU
		{530A3D6D-47A0-4AE9-B36A-EAFAD5BFEDD7}.Release|Any CPU.ActiveCfg = Release|Any CPU
		{530A3D6D-47A0-4AE9-B36A-EAFAD5BFEDD7}.Release|Any CPU.Build.0 = Release|Any CPU
	EndGlobalSection
	GlobalSection(SolutionProperties) = preSolution
		HideSolutionNode = FALSE
	EndGlobalSection
	GlobalSection(ExtensibilityGlobals) = postSolution
		SolutionGuid = {3DD0E14B-3CDB-45D5-9F7C-ED66F3C7A9B1}
	EndGlobalSection
EndGlobal
